
Microsoft Visual Studio Solution File, Format Version 12.00
# Visual Studio 15
VisualStudioVersion = 15.0.27703.2035
MinimumVisualStudioVersion = 10.0.40219.1
Project("{9A19103F-16F7-4668-BE54-9A1E7A4F7556}") = "EF.Core.Expansion.Dynamic", "EF.Core.Expansion.Dynamic\EF.Core.Expansion.Dynamic.csproj", "{9469D013-FDAC-4C67-A3DB-68374334E422}"
EndProject
Project("{FAE04EC0-301F-11D3-BF4B-00C04F79EFBC}") = "Test", "Test\Test.csproj", "{9CFCD98F-A860-4282-A338-10E880F3052A}"
EndProject
Global
	GlobalSection(SolutionConfigurationPlatforms) = preSolution
		Debug|Any CPU = Debug|Any CPU
		Release|Any CPU = Release|Any CPU
	EndGlobalSection
	GlobalSection(ProjectConfigurationPlatforms) = postSolution
		{9469D013-FDAC-4C67-A3DB-68374334E422}.Debug|Any CPU.ActiveCfg = Debug|Any CPU
		{9469D013-FDAC-4C67-A3DB-68374334E422}.Debug|Any CPU.Build.0 = Debug|Any CPU
		{9469D013-FDAC-4C67-A3DB-68374334E422}.Release|Any CPU.ActiveCfg = Release|Any CPU
		{9469D013-FDAC-4C67-A3DB-68374334E422}.Release|Any CPU.Build.0 = Release|Any CPU
		{9CFCD98F-A860-4282-A338-10E880F3052A}.Debug|Any CPU.ActiveCfg = Debug|Any CPU
		{9CFCD98F-A860-4282-A338-10E880F3052A}.Debug|Any CPU.Build.0 = Debug|Any CPU
		{9CFCD98F-A860-4282-A338-10E880F3052A}.Release|Any CPU.ActiveCfg = Release|Any CPU
		{9CFCD98F-A860-4282-A338-10E880F3052A}.Release|Any CPU.Build.0 = Release|Any CPU
	EndGlobalSection
	GlobalSection(SolutionProperties) = preSolution
		HideSolutionNode = FALSE
	EndGlobalSection
	GlobalSection(ExtensibilityGlobals) = postSolution
		SolutionGuid = {7BBD9BE9-7388-4989-838F-DC713627C4AB}
	EndGlobalSection
EndGlobal
